
Microsoft Visual Studio Solution File, Format Version 12.00
# Visual Studio 15
VisualStudioVersion = 15.0.28307.438
MinimumVisualStudioVersion = 10.0.40219.1
Project("{FAE04EC0-301F-11D3-BF4B-00C04F79EFBC}") = "ConsoleApp1", "ConsoleApp1\ConsoleApp1.csproj", "{3E5BCDE1-E254-4D09-9D7C-9123AF5D2E4E}"
EndProject
Global
	GlobalSection(SolutionConfigurationPlatforms) = preSolution
		Debug|Any CPU = Debug|Any CPU
		Release|Any CPU = Release|Any CPU
	EndGlobalSection
	GlobalSection(ProjectConfigurationPlatforms) = postSolution
		{3E5BCDE1-E254-4D09-9D7C-9123AF5D2E4E}.Debug|Any CPU.ActiveCfg = Debug|Any CPU
		{3E5BCDE1-E254-4D09-9D7C-9123AF5D2E4E}.Debug|Any CPU.Build.0 = Debug|Any CPU
		{3E5BCDE1-E254-4D09-9D7C-9123AF5D2E4E}.Release|Any CPU.ActiveCfg = Release|Any CPU
		{3E5BCDE1-E254-4D09-9D7C-9123AF5D2E4E}.Release|Any CPU.Build.0 = Release|Any CPU
	EndGlobalSection
	GlobalSection(SolutionProperties) = preSolution
		HideSolutionNode = FALSE
	EndGlobalSection
	GlobalSection(ExtensibilityGlobals) = postSolution
		SolutionGuid = {609D93A6-9ADF-4359-AAA3-DC81047B823C}
	EndGlobalSection
EndGlobal
